// !$*UTF8*$!
{
	archiveVersion = 1;
	classes = {
	};
	objectVersion = 46;
	objects = {

/* Begin PBXBuildFile section */
		AF278CB51D6215B100A3EA04 /* AlipaySDK.bundle in Resources */ = {isa = PBXBuildFile; fileRef = AF278C501D6215B000A3EA04 /* AlipaySDK.bundle */; };
		AF278CB61D6215B100A3EA04 /* AlipaySDK.framework in Frameworks */ = {isa = PBXBuildFile; fileRef = AF278C511D6215B000A3EA04 /* AlipaySDK.framework */; };
		AF278CB71D6215B100A3EA04 /* libcrypto.a in Frameworks */ = {isa = PBXBuildFile; fileRef = AF278C521D6215B000A3EA04 /* libcrypto.a */; };
		AF278CB81D6215B100A3EA04 /* libssl.a in Frameworks */ = {isa = PBXBuildFile; fileRef = AF278C531D6215B000A3EA04 /* libssl.a */; };
		AF278CB91D6215B100A3EA04 /* Order.m in Sources */ = {isa = PBXBuildFile; fileRef = AF278CA11D6215B100A3EA04 /* Order.m */; };
		AF278CBA1D6215B100A3EA04 /* base64.m in Sources */ = {isa = PBXBuildFile; fileRef = AF278CA51D6215B100A3EA04 /* base64.m */; };
		AF278CBB1D6215B100A3EA04 /* DataSigner.m in Sources */ = {isa = PBXBuildFile; fileRef = AF278CA81D6215B100A3EA04 /* DataSigner.m */; };
		AF278CBC1D6215B100A3EA04 /* DataVerifier.m in Sources */ = {isa = PBXBuildFile; fileRef = AF278CAA1D6215B100A3EA04 /* DataVerifier.m */; };
		AF278CBD1D6215B100A3EA04 /* MD5DataSigner.m in Sources */ = {isa = PBXBuildFile; fileRef = AF278CAC1D6215B100A3EA04 /* MD5DataSigner.m */; };
		AF278CBE1D6215B100A3EA04 /* NSDataEx.m in Sources */ = {isa = PBXBuildFile; fileRef = AF278CAE1D6215B100A3EA04 /* NSDataEx.m */; };
		AF278CBF1D6215B100A3EA04 /* openssl_wrapper.m in Sources */ = {isa = PBXBuildFile; fileRef = AF278CB01D6215B100A3EA04 /* openssl_wrapper.m */; };
		AF278CC01D6215B100A3EA04 /* RSADataSigner.m in Sources */ = {isa = PBXBuildFile; fileRef = AF278CB21D6215B100A3EA04 /* RSADataSigner.m */; };
		AF278CC11D6215B100A3EA04 /* RSADataVerifier.m in Sources */ = {isa = PBXBuildFile; fileRef = AF278CB41D6215B100A3EA04 /* RSADataVerifier.m */; };
		AF296FDF1D5F55B600D329BE /* main.m in Sources */ = {isa = PBXBuildFile; fileRef = AF296FDE1D5F55B600D329BE /* main.m */; };
		AF296FE21D5F55B600D329BE /* AppDelegate.m in Sources */ = {isa = PBXBuildFile; fileRef = AF296FE11D5F55B600D329BE /* AppDelegate.m */; };
		AF296FE51D5F55B600D329BE /* ViewController.m in Sources */ = {isa = PBXBuildFile; fileRef = AF296FE41D5F55B600D329BE /* ViewController.m */; };
		AF296FE81D5F55B600D329BE /* Main.storyboard in Resources */ = {isa = PBXBuildFile; fileRef = AF296FE61D5F55B600D329BE /* Main.storyboard */; };
		AF296FEA1D5F55B600D329BE /* Assets.xcassets in Resources */ = {isa = PBXBuildFile; fileRef = AF296FE91D5F55B600D329BE /* Assets.xcassets */; };
		AF296FED1D5F55B600D329BE /* LaunchScreen.storyboard in Resources */ = {isa = PBXBuildFile; fileRef = AF296FEB1D5F55B600D329BE /* LaunchScreen.storyboard */; };
		AF6257221D62E536008235C1 /* libc++.tbd in Frameworks */ = {isa = PBXBuildFile; fileRef = AF6257211D62E536008235C1 /* libc++.tbd */; };
		AF6257241D62E549008235C1 /* libz.tbd in Frameworks */ = {isa = PBXBuildFile; fileRef = AF6257231D62E549008235C1 /* libz.tbd */; };
		AF6257261D62E55E008235C1 /* SystemConfiguration.framework in Frameworks */ = {isa = PBXBuildFile; fileRef = AF6257251D62E55E008235C1 /* SystemConfiguration.framework */; };
		AF6257281D62E56C008235C1 /* CoreTelephony.framework in Frameworks */ = {isa = PBXBuildFile; fileRef = AF6257271D62E56C008235C1 /* CoreTelephony.framework */; };
		AF62572A1D62E57E008235C1 /* QuartzCore.framework in Frameworks */ = {isa = PBXBuildFile; fileRef = AF6257291D62E57E008235C1 /* QuartzCore.framework */; };
		AF62572C1D62E587008235C1 /* CoreText.framework in Frameworks */ = {isa = PBXBuildFile; fileRef = AF62572B1D62E587008235C1 /* CoreText.framework */; };
		AF62572E1D62E596008235C1 /* CoreGraphics.framework in Frameworks */ = {isa = PBXBuildFile; fileRef = AF62572D1D62E596008235C1 /* CoreGraphics.framework */; };
		AF6257301D62E5A1008235C1 /* UIKit.framework in Frameworks */ = {isa = PBXBuildFile; fileRef = AF62572F1D62E5A1008235C1 /* UIKit.framework */; };
		AF6257321D62E5AE008235C1 /* Foundation.framework in Frameworks */ = {isa = PBXBuildFile; fileRef = AF6257311D62E5AE008235C1 /* Foundation.framework */; };
		AF6257341D62E5C0008235C1 /* CFNetwork.framework in Frameworks */ = {isa = PBXBuildFile; fileRef = AF6257331D62E5C0008235C1 /* CFNetwork.framework */; };
		AF6257361D62E5C9008235C1 /* CoreMotion.framework in Frameworks */ = {isa = PBXBuildFile; fileRef = AF6257351D62E5C9008235C1 /* CoreMotion.framework */; };
/* End PBXBuildFile section */

/* Begin PBXFileReference section */
		AF278C4F1D6215B000A3EA04 /* AlipayConfig.h */ = {isa = PBXFileReference; fileEncoding = 4; lastKnownFileType = sourcecode.c.h; path = AlipayConfig.h; sourceTree = "<group>"; };
		AF278C501D6215B000A3EA04 /* AlipaySDK.bundle */ = {isa = PBXFileReference; lastKnownFileType = "wrapper.plug-in"; path = AlipaySDK.bundle; sourceTree = "<group>"; };
		AF278C511D6215B000A3EA04 /* AlipaySDK.framework */ = {isa = PBXFileReference; lastKnownFileType = wrapper.framework; path = AlipaySDK.framework; sourceTree = "<group>"; };
		AF278C521D6215B000A3EA04 /* libcrypto.a */ = {isa = PBXFileReference; lastKnownFileType = archive.ar; path = libcrypto.a; sourceTree = "<group>"; };
		AF278C531D6215B000A3EA04 /* libssl.a */ = {isa = PBXFileReference; lastKnownFileType = archive.ar; path = libssl.a; sourceTree = "<group>"; };
		AF278C551D6215B000A3EA04 /* aes.h */ = {isa = PBXFileReference; fileEncoding = 4; lastKnownFileType = sourcecode.c.h; path = aes.h; sourceTree = "<group>"; };
		AF278C561D6215B100A3EA04 /* asn1.h */ = {isa = PBXFileReference; fileEncoding = 4; lastKnownFileType = sourcecode.c.h; path = asn1.h; sourceTree = "<group>"; };
		AF278C571D6215B100A3EA04 /* asn1_mac.h */ = {isa = PBXFileReference; fileEncoding = 4; lastKnownFileType = sourcecode.c.h; path = asn1_mac.h; sourceTree = "<group>"; };
		AF278C581D6215B100A3EA04 /* asn1t.h */ = {isa = PBXFileReference; fileEncoding = 4; lastKnownFileType = sourcecode.c.h; path = asn1t.h; sourceTree = "<group>"; };
		AF278C591D6215B100A3EA04 /* bio.h */ = {isa = PBXFileReference; fileEncoding = 4; lastKnownFileType = sourcecode.c.h; path = bio.h; sourceTree = "<group>"; };
		AF278C5A1D6215B100A3EA04 /* blowfish.h */ = {isa = PBXFileReference; fileEncoding = 4; lastKnownFileType = sourcecode.c.h; path = blowfish.h; sourceTree = "<group>"; };
		AF278C5B1D6215B100A3EA04 /* bn.h */ = {isa = PBXFileReference; fileEncoding = 4; lastKnownFileType = sourcecode.c.h; path = bn.h; sourceTree = "<group>"; };
		AF278C5C1D6215B100A3EA04 /* buffer.h */ = {isa = PBXFileReference; fileEncoding = 4; lastKnownFileType = sourcecode.c.h; path = buffer.h; sourceTree = "<group>"; };
		AF278C5D1D6215B100A3EA04 /* camellia.h */ = {isa = PBXFileReference; fileEncoding = 4; lastKnownFileType = sourcecode.c.h; path = camellia.h; sourceTree = "<group>"; };
		AF278C5E1D6215B100A3EA04 /* cast.h */ = {isa = PBXFileReference; fileEncoding = 4; lastKnownFileType = sourcecode.c.h; path = cast.h; sourceTree = "<group>"; };
		AF278C5F1D6215B100A3EA04 /* cmac.h */ = {isa = PBXFileReference; fileEncoding = 4; lastKnownFileType = sourcecode.c.h; path = cmac.h; sourceTree = "<group>"; };
		AF278C601D6215B100A3EA04 /* cms.h */ = {isa = PBXFileReference; fileEncoding = 4; lastKnownFileType = sourcecode.c.h; path = cms.h; sourceTree = "<group>"; };
		AF278C611D6215B100A3EA04 /* comp.h */ = {isa = PBXFileReference; fileEncoding = 4; lastKnownFileType = sourcecode.c.h; path = comp.h; sourceTree = "<group>"; };
		AF278C621D6215B100A3EA04 /* conf.h */ = {isa = PBXFileReference; fileEncoding = 4; lastKnownFileType = sourcecode.c.h; path = conf.h; sourceTree = "<group>"; };
		AF278C631D6215B100A3EA04 /* conf_api.h */ = {isa = PBXFileReference; fileEncoding = 4; lastKnownFileType = sourcecode.c.h; path = conf_api.h; sourceTree = "<group>"; };
		AF278C641D6215B100A3EA04 /* crypto.h */ = {isa = PBXFileReference; fileEncoding = 4; lastKnownFileType = sourcecode.c.h; path = crypto.h; sourceTree = "<group>"; };
		AF278C651D6215B100A3EA04 /* des.h */ = {isa = PBXFileReference; fileEncoding = 4; lastKnownFileType = sourcecode.c.h; path = des.h; sourceTree = "<group>"; };
		AF278C661D6215B100A3EA04 /* des_old.h */ = {isa = PBXFileReference; fileEncoding = 4; lastKnownFileType = sourcecode.c.h; path = des_old.h; sourceTree = "<group>"; };
		AF278C671D6215B100A3EA04 /* dh.h */ = {isa = PBXFileReference; fileEncoding = 4; lastKnownFileType = sourcecode.c.h; path = dh.h; sourceTree = "<group>"; };
		AF278C681D6215B100A3EA04 /* dsa.h */ = {isa = PBXFileReference; fileEncoding = 4; lastKnownFileType = sourcecode.c.h; path = dsa.h; sourceTree = "<group>"; };
		AF278C691D6215B100A3EA04 /* dso.h */ = {isa = PBXFileReference; fileEncoding = 4; lastKnownFileType = sourcecode.c.h; path = dso.h; sourceTree = "<group>"; };
		AF278C6A1D6215B100A3EA04 /* dtls1.h */ = {isa = PBXFileReference; fileEncoding = 4; lastKnownFileType = sourcecode.c.h; path = dtls1.h; sourceTree = "<group>"; };
		AF278C6B1D6215B100A3EA04 /* e_os2.h */ = {isa = PBXFileReference; fileEncoding = 4; lastKnownFileType = sourcecode.c.h; path = e_os2.h; sourceTree = "<group>"; };
		AF278C6C1D6215B100A3EA04 /* ebcdic.h */ = {isa = PBXFileReference; fileEncoding = 4; lastKnownFileType = sourcecode.c.h; path = ebcdic.h; sourceTree = "<group>"; };
		AF278C6D1D6215B100A3EA04 /* ec.h */ = {isa = PBXFileReference; fileEncoding = 4; lastKnownFileType = sourcecode.c.h; path = ec.h; sourceTree = "<group>"; };
		AF278C6E1D6215B100A3EA04 /* ecdh.h */ = {isa = PBXFileReference; fileEncoding = 4; lastKnownFileType = sourcecode.c.h; path = ecdh.h; sourceTree = "<group>"; };
		AF278C6F1D6215B100A3EA04 /* ecdsa.h */ = {isa = PBXFileReference; fileEncoding = 4; lastKnownFileType = sourcecode.c.h; path = ecdsa.h; sourceTree = "<group>"; };
		AF278C701D6215B100A3EA04 /* engine.h */ = {isa = PBXFileReference; fileEncoding = 4; lastKnownFileType = sourcecode.c.h; path = engine.h; sourceTree = "<group>"; };
		AF278C711D6215B100A3EA04 /* err.h */ = {isa = PBXFileReference; fileEncoding = 4; lastKnownFileType = sourcecode.c.h; path = err.h; sourceTree = "<group>"; };
		AF278C721D6215B100A3EA04 /* evp.h */ = {isa = PBXFileReference; fileEncoding = 4; lastKnownFileType = sourcecode.c.h; path = evp.h; sourceTree = "<group>"; };
		AF278C731D6215B100A3EA04 /* hmac.h */ = {isa = PBXFileReference; fileEncoding = 4; lastKnownFileType = sourcecode.c.h; path = hmac.h; sourceTree = "<group>"; };
		AF278C741D6215B100A3EA04 /* idea.h */ = {isa = PBXFileReference; fileEncoding = 4; lastKnownFileType = sourcecode.c.h; path = idea.h; sourceTree = "<group>"; };
		AF278C751D6215B100A3EA04 /* krb5_asn.h */ = {isa = PBXFileReference; fileEncoding = 4; lastKnownFileType = sourcecode.c.h; path = krb5_asn.h; sourceTree = "<group>"; };
		AF278C761D6215B100A3EA04 /* kssl.h */ = {isa = PBXFileReference; fileEncoding = 4; lastKnownFileType = sourcecode.c.h; path = kssl.h; sourceTree = "<group>"; };
		AF278C771D6215B100A3EA04 /* lhash.h */ = {isa = PBXFileReference; fileEncoding = 4; lastKnownFileType = sourcecode.c.h; path = lhash.h; sourceTree = "<group>"; };
		AF278C781D6215B100A3EA04 /* md4.h */ = {isa = PBXFileReference; fileEncoding = 4; lastKnownFileType = sourcecode.c.h; path = md4.h; sourceTree = "<group>"; };
		AF278C791D6215B100A3EA04 /* md5.h */ = {isa = PBXFileReference; fileEncoding = 4; lastKnownFileType = sourcecode.c.h; path = md5.h; sourceTree = "<group>"; };
		AF278C7A1D6215B100A3EA04 /* mdc2.h */ = {isa = PBXFileReference; fileEncoding = 4; lastKnownFileType = sourcecode.c.h; path = mdc2.h; sourceTree = "<group>"; };
		AF278C7B1D6215B100A3EA04 /* modes.h */ = {isa = PBXFileReference; fileEncoding = 4; lastKnownFileType = sourcecode.c.h; path = modes.h; sourceTree = "<group>"; };
		AF278C7C1D6215B100A3EA04 /* obj_mac.h */ = {isa = PBXFileReference; fileEncoding = 4; lastKnownFileType = sourcecode.c.h; path = obj_mac.h; sourceTree = "<group>"; };
		AF278C7D1D6215B100A3EA04 /* objects.h */ = {isa = PBXFileReference; fileEncoding = 4; lastKnownFileType = sourcecode.c.h; path = objects.h; sourceTree = "<group>"; };
		AF278C7E1D6215B100A3EA04 /* ocsp.h */ = {isa = PBXFileReference; fileEncoding = 4; lastKnownFileType = sourcecode.c.h; path = ocsp.h; sourceTree = "<group>"; };
		AF278C7F1D6215B100A3EA04 /* opensslconf.h */ = {isa = PBXFileReference; fileEncoding = 4; lastKnownFileType = sourcecode.c.h; path = opensslconf.h; sourceTree = "<group>"; };
		AF278C801D6215B100A3EA04 /* opensslv.h */ = {isa = PBXFileReference; fileEncoding = 4; lastKnownFileType = sourcecode.c.h; path = opensslv.h; sourceTree = "<group>"; };
		AF278C811D6215B100A3EA04 /* ossl_typ.h */ = {isa = PBXFileReference; fileEncoding = 4; lastKnownFileType = sourcecode.c.h; path = ossl_typ.h; sourceTree = "<group>"; };
		AF278C821D6215B100A3EA04 /* pem.h */ = {isa = PBXFileReference; fileEncoding = 4; lastKnownFileType = sourcecode.c.h; path = pem.h; sourceTree = "<group>"; };
		AF278C831D6215B100A3EA04 /* pem2.h */ = {isa = PBXFileReference; fileEncoding = 4; lastKnownFileType = sourcecode.c.h; path = pem2.h; sourceTree = "<group>"; };
		AF278C841D6215B100A3EA04 /* pkcs12.h */ = {isa = PBXFileReference; fileEncoding = 4; lastKnownFileType = sourcecode.c.h; path = pkcs12.h; sourceTree = "<group>"; };
		AF278C851D6215B100A3EA04 /* pkcs7.h */ = {isa = PBXFileReference; fileEncoding = 4; lastKnownFileType = sourcecode.c.h; path = pkcs7.h; sourceTree = "<group>"; };
		AF278C861D6215B100A3EA04 /* pqueue.h */ = {isa = PBXFileReference; fileEncoding = 4; lastKnownFileType = sourcecode.c.h; path = pqueue.h; sourceTree = "<group>"; };
		AF278C871D6215B100A3EA04 /* rand.h */ = {isa = PBXFileReference; fileEncoding = 4; lastKnownFileType = sourcecode.c.h; path = rand.h; sourceTree = "<group>"; };
		AF278C881D6215B100A3EA04 /* rc2.h */ = {isa = PBXFileReference; fileEncoding = 4; lastKnownFileType = sourcecode.c.h; path = rc2.h; sourceTree = "<group>"; };
		AF278C891D6215B100A3EA04 /* rc4.h */ = {isa = PBXFileReference; fileEncoding = 4; lastKnownFileType = sourcecode.c.h; path = rc4.h; sourceTree = "<group>"; };
		AF278C8A1D6215B100A3EA04 /* ripemd.h */ = {isa = PBXFileReference; fileEncoding = 4; lastKnownFileType = sourcecode.c.h; path = ripemd.h; sourceTree = "<group>"; };
		AF278C8B1D6215B100A3EA04 /* rsa.h */ = {isa = PBXFileReference; fileEncoding = 4; lastKnownFileType = sourcecode.c.h; path = rsa.h; sourceTree = "<group>"; };
		AF278C8C1D6215B100A3EA04 /* safestack.h */ = {isa = PBXFileReference; fileEncoding = 4; lastKnownFileType = sourcecode.c.h; path = safestack.h; sourceTree = "<group>"; };
		AF278C8D1D6215B100A3EA04 /* seed.h */ = {isa = PBXFileReference; fileEncoding = 4; lastKnownFileType = sourcecode.c.h; path = seed.h; sourceTree = "<group>"; };
		AF278C8E1D6215B100A3EA04 /* sha.h */ = {isa = PBXFileReference; fileEncoding = 4; lastKnownFileType = sourcecode.c.h; path = sha.h; sourceTree = "<group>"; };
		AF278C8F1D6215B100A3EA04 /* srp.h */ = {isa = PBXFileReference; fileEncoding = 4; lastKnownFileType = sourcecode.c.h; path = srp.h; sourceTree = "<group>"; };
		AF278C901D6215B100A3EA04 /* srtp.h */ = {isa = PBXFileReference; fileEncoding = 4; lastKnownFileType = sourcecode.c.h; path = srtp.h; sourceTree = "<group>"; };
		AF278C911D6215B100A3EA04 /* ssl.h */ = {isa = PBXFileReference; fileEncoding = 4; lastKnownFileType = sourcecode.c.h; path = ssl.h; sourceTree = "<group>"; };
		AF278C921D6215B100A3EA04 /* ssl2.h */ = {isa = PBXFileReference; fileEncoding = 4; lastKnownFileType = sourcecode.c.h; path = ssl2.h; sourceTree = "<group>"; };
		AF278C931D6215B100A3EA04 /* ssl23.h */ = {isa = PBXFileReference; fileEncoding = 4; lastKnownFileType = sourcecode.c.h; path = ssl23.h; sourceTree = "<group>"; };
		AF278C941D6215B100A3EA04 /* ssl3.h */ = {isa = PBXFileReference; fileEncoding = 4; lastKnownFileType = sourcecode.c.h; path = ssl3.h; sourceTree = "<group>"; };
		AF278C951D6215B100A3EA04 /* stack.h */ = {isa = PBXFileReference; fileEncoding = 4; lastKnownFileType = sourcecode.c.h; path = stack.h; sourceTree = "<group>"; };
		AF278C961D6215B100A3EA04 /* symhacks.h */ = {isa = PBXFileReference; fileEncoding = 4; lastKnownFileType = sourcecode.c.h; path = symhacks.h; sourceTree = "<group>"; };
		AF278C971D6215B100A3EA04 /* tls1.h */ = {isa = PBXFileReference; fileEncoding = 4; lastKnownFileType = sourcecode.c.h; path = tls1.h; sourceTree = "<group>"; };
		AF278C981D6215B100A3EA04 /* ts.h */ = {isa = PBXFileReference; fileEncoding = 4; lastKnownFileType = sourcecode.c.h; path = ts.h; sourceTree = "<group>"; };
		AF278C991D6215B100A3EA04 /* txt_db.h */ = {isa = PBXFileReference; fileEncoding = 4; lastKnownFileType = sourcecode.c.h; path = txt_db.h; sourceTree = "<group>"; };
		AF278C9A1D6215B100A3EA04 /* ui.h */ = {isa = PBXFileReference; fileEncoding = 4; lastKnownFileType = sourcecode.c.h; path = ui.h; sourceTree = "<group>"; };
		AF278C9B1D6215B100A3EA04 /* ui_compat.h */ = {isa = PBXFileReference; fileEncoding = 4; lastKnownFileType = sourcecode.c.h; path = ui_compat.h; sourceTree = "<group>"; };
		AF278C9C1D6215B100A3EA04 /* whrlpool.h */ = {isa = PBXFileReference; fileEncoding = 4; lastKnownFileType = sourcecode.c.h; path = whrlpool.h; sourceTree = "<group>"; };
		AF278C9D1D6215B100A3EA04 /* x509.h */ = {isa = PBXFileReference; fileEncoding = 4; lastKnownFileType = sourcecode.c.h; path = x509.h; sourceTree = "<group>"; };
		AF278C9E1D6215B100A3EA04 /* x509_vfy.h */ = {isa = PBXFileReference; fileEncoding = 4; lastKnownFileType = sourcecode.c.h; path = x509_vfy.h; sourceTree = "<group>"; };
		AF278C9F1D6215B100A3EA04 /* x509v3.h */ = {isa = PBXFileReference; fileEncoding = 4; lastKnownFileType = sourcecode.c.h; path = x509v3.h; sourceTree = "<group>"; };
		AF278CA01D6215B100A3EA04 /* Order.h */ = {isa = PBXFileReference; fileEncoding = 4; lastKnownFileType = sourcecode.c.h; path = Order.h; sourceTree = "<group>"; };
		AF278CA11D6215B100A3EA04 /* Order.m */ = {isa = PBXFileReference; fileEncoding = 4; lastKnownFileType = sourcecode.c.objc; path = Order.m; sourceTree = "<group>"; };
		AF278CA21D6215B100A3EA04 /* PrefixHeader.pch */ = {isa = PBXFileReference; fileEncoding = 4; lastKnownFileType = sourcecode.c.h; path = PrefixHeader.pch; sourceTree = "<group>"; };
		AF278CA41D6215B100A3EA04 /* base64.h */ = {isa = PBXFileReference; fileEncoding = 4; lastKnownFileType = sourcecode.c.h; path = base64.h; sourceTree = "<group>"; };
		AF278CA51D6215B100A3EA04 /* base64.m */ = {isa = PBXFileReference; fileEncoding = 4; lastKnownFileType = sourcecode.c.objc; path = base64.m; sourceTree = "<group>"; };
		AF278CA61D6215B100A3EA04 /* config.h */ = {isa = PBXFileReference; fileEncoding = 4; lastKnownFileType = sourcecode.c.h; path = config.h; sourceTree = "<group>"; };
		AF278CA71D6215B100A3EA04 /* DataSigner.h */ = {isa = PBXFileReference; fileEncoding = 4; lastKnownFileType = sourcecode.c.h; path = DataSigner.h; sourceTree = "<group>"; };
		AF278CA81D6215B100A3EA04 /* DataSigner.m */ = {isa = PBXFileReference; fileEncoding = 4; lastKnownFileType = sourcecode.c.objc; path = DataSigner.m; sourceTree = "<group>"; };
		AF278CA91D6215B100A3EA04 /* DataVerifier.h */ = {isa = PBXFileReference; fileEncoding = 4; lastKnownFileType = sourcecode.c.h; path = DataVerifier.h; sourceTree = "<group>"; };
		AF278CAA1D6215B100A3EA04 /* DataVerifier.m */ = {isa = PBXFileReference; fileEncoding = 4; lastKnownFileType = sourcecode.c.objc; path = DataVerifier.m; sourceTree = "<group>"; };
		AF278CAB1D6215B100A3EA04 /* MD5DataSigner.h */ = {isa = PBXFileReference; fileEncoding = 4; lastKnownFileType = sourcecode.c.h; path = MD5DataSigner.h; sourceTree = "<group>"; };
		AF278CAC1D6215B100A3EA04 /* MD5DataSigner.m */ = {isa = PBXFileReference; fileEncoding = 4; lastKnownFileType = sourcecode.c.objc; path = MD5DataSigner.m; sourceTree = "<group>"; };
		AF278CAD1D6215B100A3EA04 /* NSDataEx.h */ = {isa = PBXFileReference; fileEncoding = 4; lastKnownFileType = sourcecode.c.h; path = NSDataEx.h; sourceTree = "<group>"; };
		AF278CAE1D6215B100A3EA04 /* NSDataEx.m */ = {isa = PBXFileReference; fileEncoding = 4; lastKnownFileType = sourcecode.c.objc; path = NSDataEx.m; sourceTree = "<group>"; };
		AF278CAF1D6215B100A3EA04 /* openssl_wrapper.h */ = {isa = PBXFileReference; fileEncoding = 4; lastKnownFileType = sourcecode.c.h; path = openssl_wrapper.h; sourceTree = "<group>"; };
		AF278CB01D6215B100A3EA04 /* openssl_wrapper.m */ = {isa = PBXFileReference; fileEncoding = 4; lastKnownFileType = sourcecode.c.objc; path = openssl_wrapper.m; sourceTree = "<group>"; };
		AF278CB11D6215B100A3EA04 /* RSADataSigner.h */ = {isa = PBXFileReference; fileEncoding = 4; lastKnownFileType = sourcecode.c.h; path = RSADataSigner.h; sourceTree = "<group>"; };
		AF278CB21D6215B100A3EA04 /* RSADataSigner.m */ = {isa = PBXFileReference; fileEncoding = 4; lastKnownFileType = sourcecode.c.objc; path = RSADataSigner.m; sourceTree = "<group>"; };
		AF278CB31D6215B100A3EA04 /* RSADataVerifier.h */ = {isa = PBXFileReference; fileEncoding = 4; lastKnownFileType = sourcecode.c.h; path = RSADataVerifier.h; sourceTree = "<group>"; };
		AF278CB41D6215B100A3EA04 /* RSADataVerifier.m */ = {isa = PBXFileReference; fileEncoding = 4; lastKnownFileType = sourcecode.c.objc; path = RSADataVerifier.m; sourceTree = "<group>"; };
		AF296FDA1D5F55B600D329BE /* ChrisAliPayDemo.app */ = {isa = PBXFileReference; explicitFileType = wrapper.application; includeInIndex = 0; path = ChrisAliPayDemo.app; sourceTree = BUILT_PRODUCTS_DIR; };
		AF296FDE1D5F55B600D329BE /* main.m */ = {isa = PBXFileReference; lastKnownFileType = sourcecode.c.objc; path = main.m; sourceTree = "<group>"; };
		AF296FE01D5F55B600D329BE /* AppDelegate.h */ = {isa = PBXFileReference; lastKnownFileType = sourcecode.c.h; path = AppDelegate.h; sourceTree = "<group>"; };
		AF296FE11D5F55B600D329BE /* AppDelegate.m */ = {isa = PBXFileReference; lastKnownFileType = sourcecode.c.objc; path = AppDelegate.m; sourceTree = "<group>"; };
		AF296FE31D5F55B600D329BE /* ViewController.h */ = {isa = PBXFileReference; lastKnownFileType = sourcecode.c.h; path = ViewController.h; sourceTree = "<group>"; };
		AF296FE41D5F55B600D329BE /* ViewController.m */ = {isa = PBXFileReference; lastKnownFileType = sourcecode.c.objc; path = ViewController.m; sourceTree = "<group>"; };
		AF296FE71D5F55B600D329BE /* Base */ = {isa = PBXFileReference; lastKnownFileType = file.storyboard; name = Base; path = Base.lproj/Main.storyboard; sourceTree = "<group>"; };
		AF296FE91D5F55B600D329BE /* Assets.xcassets */ = {isa = PBXFileReference; lastKnownFileType = folder.assetcatalog; path = Assets.xcassets; sourceTree = "<group>"; };
		AF296FEC1D5F55B600D329BE /* Base */ = {isa = PBXFileReference; lastKnownFileType = file.storyboard; name = Base; path = Base.lproj/LaunchScreen.storyboard; sourceTree = "<group>"; };
		AF296FEE1D5F55B600D329BE /* Info.plist */ = {isa = PBXFileReference; lastKnownFileType = text.plist.xml; path = Info.plist; sourceTree = "<group>"; };
		AF6257211D62E536008235C1 /* libc++.tbd */ = {isa = PBXFileReference; lastKnownFileType = "sourcecode.text-based-dylib-definition"; name = "libc++.tbd"; path = "usr/lib/libc++.tbd"; sourceTree = SDKROOT; };
		AF6257231D62E549008235C1 /* libz.tbd */ = {isa = PBXFileReference; lastKnownFileType = "sourcecode.text-based-dylib-definition"; name = libz.tbd; path = usr/lib/libz.tbd; sourceTree = SDKROOT; };
		AF6257251D62E55E008235C1 /* SystemConfiguration.framework */ = {isa = PBXFileReference; lastKnownFileType = wrapper.framework; name = SystemConfiguration.framework; path = System/Library/Frameworks/SystemConfiguration.framework; sourceTree = SDKROOT; };
		AF6257271D62E56C008235C1 /* CoreTelephony.framework */ = {isa = PBXFileReference; lastKnownFileType = wrapper.framework; name = CoreTelephony.framework; path = System/Library/Frameworks/CoreTelephony.framework; sourceTree = SDKROOT; };
		AF6257291D62E57E008235C1 /* QuartzCore.framework */ = {isa = PBXFileReference; lastKnownFileType = wrapper.framework; name = QuartzCore.framework; path = System/Library/Frameworks/QuartzCore.framework; sourceTree = SDKROOT; };
		AF62572B1D62E587008235C1 /* CoreText.framework */ = {isa = PBXFileReference; lastKnownFileType = wrapper.framework; name = CoreText.framework; path = System/Library/Frameworks/CoreText.framework; sourceTree = SDKROOT; };
		AF62572D1D62E596008235C1 /* CoreGraphics.framework */ = {isa = PBXFileReference; lastKnownFileType = wrapper.framework; name = CoreGraphics.framework; path = System/Library/Frameworks/CoreGraphics.framework; sourceTree = SDKROOT; };
		AF62572F1D62E5A1008235C1 /* UIKit.framework */ = {isa = PBXFileReference; lastKnownFileType = wrapper.framework; name = UIKit.framework; path = System/Library/Frameworks/UIKit.framework; sourceTree = SDKROOT; };
		AF6257311D62E5AE008235C1 /* Foundation.framework */ = {isa = PBXFileReference; lastKnownFileType = wrapper.framework; name = Foundation.framework; path = System/Library/Frameworks/Foundation.framework; sourceTree = SDKROOT; };
		AF6257331D62E5C0008235C1 /* CFNetwork.framework */ = {isa = PBXFileReference; lastKnownFileType = wrapper.framework; name = CFNetwork.framework; path = System/Library/Frameworks/CFNetwork.framework; sourceTree = SDKROOT; };
		AF6257351D62E5C9008235C1 /* CoreMotion.framework */ = {isa = PBXFileReference; lastKnownFileType = wrapper.framework; name = CoreMotion.framework; path = System/Library/Frameworks/CoreMotion.framework; sourceTree = SDKROOT; };
/* End PBXFileReference section */

/* Begin PBXFrameworksBuildPhase section */
		AF296FD71D5F55B600D329BE /* Frameworks */ = {
			isa = PBXFrameworksBuildPhase;
			buildActionMask = 2147483647;
			files = (
				AF6257361D62E5C9008235C1 /* CoreMotion.framework in Frameworks */,
				AF6257341D62E5C0008235C1 /* CFNetwork.framework in Frameworks */,
				AF6257321D62E5AE008235C1 /* Foundation.framework in Frameworks */,
				AF6257301D62E5A1008235C1 /* UIKit.framework in Frameworks */,
				AF62572E1D62E596008235C1 /* CoreGraphics.framework in Frameworks */,
				AF62572C1D62E587008235C1 /* CoreText.framework in Frameworks */,
				AF62572A1D62E57E008235C1 /* QuartzCore.framework in Frameworks */,
				AF6257281D62E56C008235C1 /* CoreTelephony.framework in Frameworks */,
				AF6257261D62E55E008235C1 /* SystemConfiguration.framework in Frameworks */,
				AF6257241D62E549008235C1 /* libz.tbd in Frameworks */,
				AF6257221D62E536008235C1 /* libc++.tbd in Frameworks */,
				AF278CB71D6215B100A3EA04 /* libcrypto.a in Frameworks */,
				AF278CB61D6215B100A3EA04 /* AlipaySDK.framework in Frameworks */,
				AF278CB81D6215B100A3EA04 /* libssl.a in Frameworks */,
			);
			runOnlyForDeploymentPostprocessing = 0;
		};
/* End PBXFrameworksBuildPhase section */

/* Begin PBXGroup section */
		AF278C4E1D6215B000A3EA04 /* AliPaySDK */ = {
			isa = PBXGroup;
			children = (
				AF278C4F1D6215B000A3EA04 /* AlipayConfig.h */,
				AF278C501D6215B000A3EA04 /* AlipaySDK.bundle */,
				AF278C511D6215B000A3EA04 /* AlipaySDK.framework */,
				AF278C521D6215B000A3EA04 /* libcrypto.a */,
				AF278C531D6215B000A3EA04 /* libssl.a */,
				AF278C541D6215B000A3EA04 /* openssl */,
				AF278CA01D6215B100A3EA04 /* Order.h */,
				AF278CA11D6215B100A3EA04 /* Order.m */,
				AF278CA21D6215B100A3EA04 /* PrefixHeader.pch */,
				AF278CA31D6215B100A3EA04 /* Util */,
			);
			path = AliPaySDK;
			sourceTree = "<group>";
		};
		AF278C541D6215B000A3EA04 /* openssl */ = {
			isa = PBXGroup;
			children = (
				AF278C551D6215B000A3EA04 /* aes.h */,
				AF278C561D6215B100A3EA04 /* asn1.h */,
				AF278C571D6215B100A3EA04 /* asn1_mac.h */,
				AF278C581D6215B100A3EA04 /* asn1t.h */,
				AF278C591D6215B100A3EA04 /* bio.h */,
				AF278C5A1D6215B100A3EA04 /* blowfish.h */,
				AF278C5B1D6215B100A3EA04 /* bn.h */,
				AF278C5C1D6215B100A3EA04 /* buffer.h */,
				AF278C5D1D6215B100A3EA04 /* camellia.h */,
				AF278C5E1D6215B100A3EA04 /* cast.h */,
				AF278C5F1D6215B100A3EA04 /* cmac.h */,
				AF278C601D6215B100A3EA04 /* cms.h */,
				AF278C611D6215B100A3EA04 /* comp.h */,
				AF278C621D6215B100A3EA04 /* conf.h */,
				AF278C631D6215B100A3EA04 /* conf_api.h */,
				AF278C641D6215B100A3EA04 /* crypto.h */,
				AF278C651D6215B100A3EA04 /* des.h */,
				AF278C661D6215B100A3EA04 /* des_old.h */,
				AF278C671D6215B100A3EA04 /* dh.h */,
				AF278C681D6215B100A3EA04 /* dsa.h */,
				AF278C691D6215B100A3EA04 /* dso.h */,
				AF278C6A1D6215B100A3EA04 /* dtls1.h */,
				AF278C6B1D6215B100A3EA04 /* e_os2.h */,
				AF278C6C1D6215B100A3EA04 /* ebcdic.h */,
				AF278C6D1D6215B100A3EA04 /* ec.h */,
				AF278C6E1D6215B100A3EA04 /* ecdh.h */,
				AF278C6F1D6215B100A3EA04 /* ecdsa.h */,
				AF278C701D6215B100A3EA04 /* engine.h */,
				AF278C711D6215B100A3EA04 /* err.h */,
				AF278C721D6215B100A3EA04 /* evp.h */,
				AF278C731D6215B100A3EA04 /* hmac.h */,
				AF278C741D6215B100A3EA04 /* idea.h */,
				AF278C751D6215B100A3EA04 /* krb5_asn.h */,
				AF278C761D6215B100A3EA04 /* kssl.h */,
				AF278C771D6215B100A3EA04 /* lhash.h */,
				AF278C781D6215B100A3EA04 /* md4.h */,
				AF278C791D6215B100A3EA04 /* md5.h */,
				AF278C7A1D6215B100A3EA04 /* mdc2.h */,
				AF278C7B1D6215B100A3EA04 /* modes.h */,
				AF278C7C1D6215B100A3EA04 /* obj_mac.h */,
				AF278C7D1D6215B100A3EA04 /* objects.h */,
				AF278C7E1D6215B100A3EA04 /* ocsp.h */,
				AF278C7F1D6215B100A3EA04 /* opensslconf.h */,
				AF278C801D6215B100A3EA04 /* opensslv.h */,
				AF278C811D6215B100A3EA04 /* ossl_typ.h */,
				AF278C821D6215B100A3EA04 /* pem.h */,
				AF278C831D6215B100A3EA04 /* pem2.h */,
				AF278C841D6215B100A3EA04 /* pkcs12.h */,
				AF278C851D6215B100A3EA04 /* pkcs7.h */,
				AF278C861D6215B100A3EA04 /* pqueue.h */,
				AF278C871D6215B100A3EA04 /* rand.h */,
				AF278C881D6215B100A3EA04 /* rc2.h */,
				AF278C891D6215B100A3EA04 /* rc4.h */,
				AF278C8A1D6215B100A3EA04 /* ripemd.h */,
				AF278C8B1D6215B100A3EA04 /* rsa.h */,
				AF278C8C1D6215B100A3EA04 /* safestack.h */,
				AF278C8D1D6215B100A3EA04 /* seed.h */,
				AF278C8E1D6215B100A3EA04 /* sha.h */,
				AF278C8F1D6215B100A3EA04 /* srp.h */,
				AF278C901D6215B100A3EA04 /* srtp.h */,
				AF278C911D6215B100A3EA04 /* ssl.h */,
				AF278C921D6215B100A3EA04 /* ssl2.h */,
				AF278C931D6215B100A3EA04 /* ssl23.h */,
				AF278C941D6215B100A3EA04 /* ssl3.h */,
				AF278C951D6215B100A3EA04 /* stack.h */,
				AF278C961D6215B100A3EA04 /* symhacks.h */,
				AF278C971D6215B100A3EA04 /* tls1.h */,
				AF278C981D6215B100A3EA04 /* ts.h */,
				AF278C991D6215B100A3EA04 /* txt_db.h */,
				AF278C9A1D6215B100A3EA04 /* ui.h */,
				AF278C9B1D6215B100A3EA04 /* ui_compat.h */,
				AF278C9C1D6215B100A3EA04 /* whrlpool.h */,
				AF278C9D1D6215B100A3EA04 /* x509.h */,
				AF278C9E1D6215B100A3EA04 /* x509_vfy.h */,
				AF278C9F1D6215B100A3EA04 /* x509v3.h */,
			);
			path = openssl;
			sourceTree = "<group>";
		};
		AF278CA31D6215B100A3EA04 /* Util */ = {
			isa = PBXGroup;
			children = (
				AF278CA41D6215B100A3EA04 /* base64.h */,
				AF278CA51D6215B100A3EA04 /* base64.m */,
				AF278CA61D6215B100A3EA04 /* config.h */,
				AF278CA71D6215B100A3EA04 /* DataSigner.h */,
				AF278CA81D6215B100A3EA04 /* DataSigner.m */,
				AF278CA91D6215B100A3EA04 /* DataVerifier.h */,
				AF278CAA1D6215B100A3EA04 /* DataVerifier.m */,
				AF278CAB1D6215B100A3EA04 /* MD5DataSigner.h */,
				AF278CAC1D6215B100A3EA04 /* MD5DataSigner.m */,
				AF278CAD1D6215B100A3EA04 /* NSDataEx.h */,
				AF278CAE1D6215B100A3EA04 /* NSDataEx.m */,
				AF278CAF1D6215B100A3EA04 /* openssl_wrapper.h */,
				AF278CB01D6215B100A3EA04 /* openssl_wrapper.m */,
				AF278CB11D6215B100A3EA04 /* RSADataSigner.h */,
				AF278CB21D6215B100A3EA04 /* RSADataSigner.m */,
				AF278CB31D6215B100A3EA04 /* RSADataVerifier.h */,
				AF278CB41D6215B100A3EA04 /* RSADataVerifier.m */,
			);
			path = Util;
			sourceTree = "<group>";
		};
		AF296FD11D5F55B500D329BE = {
			isa = PBXGroup;
			children = (
				AF296FDC1D5F55B600D329BE /* ChrisAliPayDemo */,
				AF296FDB1D5F55B600D329BE /* Products */,
			);
			sourceTree = "<group>";
		};
		AF296FDB1D5F55B600D329BE /* Products */ = {
			isa = PBXGroup;
			children = (
				AF296FDA1D5F55B600D329BE /* ChrisAliPayDemo.app */,
			);
			name = Products;
			sourceTree = "<group>";
		};
		AF296FDC1D5F55B600D329BE /* ChrisAliPayDemo */ = {
			isa = PBXGroup;
			children = (
				AF6257371D62E5D3008235C1 /* AliPayFramework */,
				AF278C4E1D6215B000A3EA04 /* AliPaySDK */,
				AF296FE01D5F55B600D329BE /* AppDelegate.h */,
				AF296FE11D5F55B600D329BE /* AppDelegate.m */,
				AF296FE31D5F55B600D329BE /* ViewController.h */,
				AF296FE41D5F55B600D329BE /* ViewController.m */,
				AF296FE61D5F55B600D329BE /* Main.storyboard */,
				AF296FE91D5F55B600D329BE /* Assets.xcassets */,
				AF296FEB1D5F55B600D329BE /* LaunchScreen.storyboard */,
				AF296FEE1D5F55B600D329BE /* Info.plist */,
				AF296FDD1D5F55B600D329BE /* Supporting Files */,
			);
			path = ChrisAliPayDemo;
			sourceTree = "<group>";
		};
		AF296FDD1D5F55B600D329BE /* Supporting Files */ = {
			isa = PBXGroup;
			children = (
				AF296FDE1D5F55B600D329BE /* main.m */,
			);
			name = "Supporting Files";
			sourceTree = "<group>";
		};
		AF6257371D62E5D3008235C1 /* AliPayFramework */ = {
			isa = PBXGroup;
			children = (
				AF6257351D62E5C9008235C1 /* CoreMotion.framework */,
				AF6257331D62E5C0008235C1 /* CFNetwork.framework */,
				AF6257311D62E5AE008235C1 /* Foundation.framework */,
				AF62572F1D62E5A1008235C1 /* UIKit.framework */,
				AF62572D1D62E596008235C1 /* CoreGraphics.framework */,
				AF62572B1D62E587008235C1 /* CoreText.framework */,
				AF6257291D62E57E008235C1 /* QuartzCore.framework */,
				AF6257271D62E56C008235C1 /* CoreTelephony.framework */,
				AF6257251D62E55E008235C1 /* SystemConfiguration.framework */,
				AF6257231D62E549008235C1 /* libz.tbd */,
				AF6257211D62E536008235C1 /* libc++.tbd */,
			);
			name = AliPayFramework;
			sourceTree = "<group>";
		};
/* End PBXGroup section */

/* Begin PBXNativeTarget section */
		AF296FD91D5F55B600D329BE /* ChrisAliPayDemo */ = {
			isa = PBXNativeTarget;
			buildConfigurationList = AF296FF11D5F55B600D329BE /* Build configuration list for PBXNativeTarget "ChrisAliPayDemo" */;
			buildPhases = (
				AF296FD61D5F55B600D329BE /* Sources */,
				AF296FD71D5F55B600D329BE /* Frameworks */,
				AF296FD81D5F55B600D329BE /* Resources */,
			);
			buildRules = (
			);
			dependencies = (
			);
			name = ChrisAliPayDemo;
			productName = ChrisAliPayDemo;
			productReference = AF296FDA1D5F55B600D329BE /* ChrisAliPayDemo.app */;
			productType = "com.apple.product-type.application";
		};
/* End PBXNativeTarget section */

/* Begin PBXProject section */
		AF296FD21D5F55B500D329BE /* Project object */ = {
			isa = PBXProject;
			attributes = {
				LastUpgradeCheck = 0730;
				ORGANIZATIONNAME = Chris;
				TargetAttributes = {
					AF296FD91D5F55B600D329BE = {
						CreatedOnToolsVersion = 7.3.1;
					};
				};
			};
			buildConfigurationList = AF296FD51D5F55B500D329BE /* Build configuration list for PBXProject "ChrisAliPayDemo" */;
			compatibilityVersion = "Xcode 3.2";
			developmentRegion = English;
			hasScannedForEncodings = 0;
			knownRegions = (
				en,
				Base,
			);
			mainGroup = AF296FD11D5F55B500D329BE;
			productRefGroup = AF296FDB1D5F55B600D329BE /* Products */;
			projectDirPath = "";
			projectRoot = "";
			targets = (
				AF296FD91D5F55B600D329BE /* ChrisAliPayDemo */,
			);
		};
/* End PBXProject section */

/* Begin PBXResourcesBuildPhase section */
		AF296FD81D5F55B600D329BE /* Resources */ = {
			isa = PBXResourcesBuildPhase;
			buildActionMask = 2147483647;
			files = (
				AF278CB51D6215B100A3EA04 /* AlipaySDK.bundle in Resources */,
				AF296FED1D5F55B600D329BE /* LaunchScreen.storyboard in Resources */,
				AF296FEA1D5F55B600D329BE /* Assets.xcassets in Resources */,
				AF296FE81D5F55B600D329BE /* Main.storyboard in Resources */,
			);
			runOnlyForDeploymentPostprocessing = 0;
		};
/* End PBXResourcesBuildPhase section */

/* Begin PBXSourcesBuildPhase section */
		AF296FD61D5F55B600D329BE /* Sources */ = {
			isa = PBXSourcesBuildPhase;
			buildActionMask = 2147483647;
			files = (
				AF278CBA1D6215B100A3EA04 /* base64.m in Sources */,
				AF296FE51D5F55B600D329BE /* ViewController.m in Sources */,
				AF278CBE1D6215B100A3EA04 /* NSDataEx.m in Sources */,
				AF278CBD1D6215B100A3EA04 /* MD5DataSigner.m in Sources */,
				AF278CC11D6215B100A3EA04 /* RSADataVerifier.m in Sources */,
				AF296FE21D5F55B600D329BE /* AppDelegate.m in Sources */,
				AF278CBB1D6215B100A3EA04 /* DataSigner.m in Sources */,
				AF278CC01D6215B100A3EA04 /* RSADataSigner.m in Sources */,
				AF278CBF1D6215B100A3EA04 /* openssl_wrapper.m in Sources */,
				AF278CB91D6215B100A3EA04 /* Order.m in Sources */,
				AF296FDF1D5F55B600D329BE /* main.m in Sources */,
				AF278CBC1D6215B100A3EA04 /* DataVerifier.m in Sources */,
			);
			runOnlyForDeploymentPostprocessing = 0;
		};
/* End PBXSourcesBuildPhase section */

/* Begin PBXVariantGroup section */
		AF296FE61D5F55B600D329BE /* Main.storyboard */ = {
			isa = PBXVariantGroup;
			children = (
				AF296FE71D5F55B600D329BE /* Base */,
			);
			name = Main.storyboard;
			sourceTree = "<group>";
		};
		AF296FEB1D5F55B600D329BE /* LaunchScreen.storyboard */ = {
			isa = PBXVariantGroup;
			children = (
				AF296FEC1D5F55B600D329BE /* Base */,
			);
			name = LaunchScreen.storyboard;
			sourceTree = "<group>";
		};
/* End PBXVariantGroup section */

/* Begin XCBuildConfiguration section */
		AF296FEF1D5F55B600D329BE /* Debug */ = {
			isa = XCBuildConfiguration;
			buildSettings = {
				ALWAYS_SEARCH_USER_PATHS = NO;
				CLANG_ANALYZER_NONNULL = YES;
				CLANG_CXX_LANGUAGE_STANDARD = "gnu++0x";
				CLANG_CXX_LIBRARY = "libc++";
				CLANG_ENABLE_MODULES = YES;
				CLANG_ENABLE_OBJC_ARC = YES;
				CLANG_WARN_BOOL_CONVERSION = YES;
				CLANG_WARN_CONSTANT_CONVERSION = YES;
				CLANG_WARN_DIRECT_OBJC_ISA_USAGE = YES_ERROR;
				CLANG_WARN_EMPTY_BODY = YES;
				CLANG_WARN_ENUM_CONVERSION = YES;
				CLANG_WARN_INT_CONVERSION = YES;
				CLANG_WARN_OBJC_ROOT_CLASS = YES_ERROR;
				CLANG_WARN_UNREACHABLE_CODE = YES;
				CLANG_WARN__DUPLICATE_METHOD_MATCH = YES;
				"CODE_SIGN_IDENTITY[sdk=iphoneos*]" = "iPhone Developer";
				COPY_PHASE_STRIP = NO;
				DEBUG_INFORMATION_FORMAT = dwarf;
				ENABLE_STRICT_OBJC_MSGSEND = YES;
				ENABLE_TESTABILITY = YES;
				GCC_C_LANGUAGE_STANDARD = gnu99;
				GCC_DYNAMIC_NO_PIC = NO;
				GCC_NO_COMMON_BLOCKS = YES;
				GCC_OPTIMIZATION_LEVEL = 0;
				GCC_PREPROCESSOR_DEFINITIONS = (
					"DEBUG=1",
					"$(inherited)",
				);
				GCC_WARN_64_TO_32_BIT_CONVERSION = YES;
				GCC_WARN_ABOUT_RETURN_TYPE = YES_ERROR;
				GCC_WARN_UNDECLARED_SELECTOR = YES;
				GCC_WARN_UNINITIALIZED_AUTOS = YES_AGGRESSIVE;
				GCC_WARN_UNUSED_FUNCTION = YES;
				GCC_WARN_UNUSED_VARIABLE = YES;
				IPHONEOS_DEPLOYMENT_TARGET = 9.3;
				MTL_ENABLE_DEBUG_INFO = YES;
				ONLY_ACTIVE_ARCH = YES;
				SDKROOT = iphoneos;
			};
			name = Debug;
		};
		AF296FF01D5F55B600D329BE /* Release */ = {
			isa = XCBuildConfiguration;
			buildSettings = {
				ALWAYS_SEARCH_USER_PATHS = NO;
				CLANG_ANALYZER_NONNULL = YES;
				CLANG_CXX_LANGUAGE_STANDARD = "gnu++0x";
				CLANG_CXX_LIBRARY = "libc++";
				CLANG_ENABLE_MODULES = YES;
				CLANG_ENABLE_OBJC_ARC = YES;
				CLANG_WARN_BOOL_CONVERSION = YES;
				CLANG_WARN_CONSTANT_CONVERSION = YES;
				CLANG_WARN_DIRECT_OBJC_ISA_USAGE = YES_ERROR;
				CLANG_WARN_EMPTY_BODY = YES;
				CLANG_WARN_ENUM_CONVERSION = YES;
				CLANG_WARN_INT_CONVERSION = YES;
				CLANG_WARN_OBJC_ROOT_CLASS = YES_ERROR;
				CLANG_WARN_UNREACHABLE_CODE = YES;
				CLANG_WARN__DUPLICATE_METHOD_MATCH = YES;
				"CODE_SIGN_IDENTITY[sdk=iphoneos*]" = "iPhone Developer";
				COPY_PHASE_STRIP = NO;
				DEBUG_INFORMATION_FORMAT = "dwarf-with-dsym";
				ENABLE_NS_ASSERTIONS = NO;
				ENABLE_STRICT_OBJC_MSGSEND = YES;
				GCC_C_LANGUAGE_STANDARD = gnu99;
				GCC_NO_COMMON_BLOCKS = YES;
				GCC_WARN_64_TO_32_BIT_CONVERSION = YES;
				GCC_WARN_ABOUT_RETURN_TYPE = YES_ERROR;
				GCC_WARN_UNDECLARED_SELECTOR = YES;
				GCC_WARN_UNINITIALIZED_AUTOS = YES_AGGRESSIVE;
				GCC_WARN_UNUSED_FUNCTION = YES;
				GCC_WARN_UNUSED_VARIABLE = YES;
				IPHONEOS_DEPLOYMENT_TARGET = 9.3;
				MTL_ENABLE_DEBUG_INFO = NO;
				SDKROOT = iphoneos;
				VALIDATE_PRODUCT = YES;
			};
			name = Release;
		};
		AF296FF21D5F55B600D329BE /* Debug */ = {
			isa = XCBuildConfiguration;
			buildSettings = {
				ARCHS = "$(ARCHS_STANDARD_32_BIT)";
				ASSETCATALOG_COMPILER_APPICON_NAME = AppIcon;
				FRAMEWORK_SEARCH_PATHS = (
					"$(inherited)",
					"$(PROJECT_DIR)/ChrisAliPayDemo/AliPay",
					"$(PROJECT_DIR)",
					"$(PROJECT_DIR)/AliPaySDK",
					"$(PROJECT_DIR)/ChrisAliPayDemo/AliPaySDK",
					"$(PROJECT_DIR)/ChrisAliPayDemo/AliPayFramework",
				);
				GCC_PREFIX_HEADER = "$(SRCROOT)/ChrisAliPayDemo/AliPaySDK/PrefixHeader.pch";
				HEADER_SEARCH_PATHS = "$(SRCROOT)/ChrisAliPayDemo/AliPaySDK";
				INFOPLIST_FILE = ChrisAliPayDemo/Info.plist;
				LD_RUNPATH_SEARCH_PATHS = "$(inherited) @executable_path/Frameworks";
				LIBRARY_SEARCH_PATHS = (
					"$(inherited)",
					"$(PROJECT_DIR)/ChrisAliPayDemo/AliPay",
					"$(PROJECT_DIR)",
					"$(PROJECT_DIR)/AliPaySDK",
					"$(PROJECT_DIR)/ChrisAliPayDemo/AliPaySDK",
					"$(PROJECT_DIR)/ChrisAliPayDemo/AliPayFramework",
				);
				ONLY_ACTIVE_ARCH = NO;
				PRODUCT_BUNDLE_IDENTIFIER = com.chris.ChrisAliPayDemo;
				PRODUCT_NAME = "$(TARGET_NAME)";
			};
			name = Debug;
		};
		AF296FF31D5F55B600D329BE /* Release */ = {
			isa = XCBuildConfiguration;
			buildSettings = {
				ARCHS = "$(ARCHS_STANDARD_32_BIT)";
				ASSETCATALOG_COMPILER_APPICON_NAME = AppIcon;
				FRAMEWORK_SEARCH_PATHS = (
					"$(inherited)",
					"$(PROJECT_DIR)/ChrisAliPayDemo/AliPay",
					"$(PROJECT_DIR)",
					"$(PROJECT_DIR)/AliPaySDK",
					"$(PROJECT_DIR)/ChrisAliPayDemo/AliPaySDK",
					"$(PROJECT_DIR)/ChrisAliPayDemo/AliPayFramework",
				);
				GCC_PREFIX_HEADER = "$(SRCROOT)/ChrisAliPayDemo/AliPaySDK/PrefixHeader.pch";
				HEADER_SEARCH_PATHS = "$(SRCROOT)/ChrisAliPayDemo/AliPaySDK";
				INFOPLIST_FILE = ChrisAliPayDemo/Info.plist;
				LD_RUNPATH_SEARCH_PATHS = "$(inherited) @executable_path/Frameworks";
				LIBRARY_SEARCH_PATHS = (
					"$(inherited)",
					"$(PROJECT_DIR)/ChrisAliPayDemo/AliPay",
					"$(PROJECT_DIR)",
					"$(PROJECT_DIR)/AliPaySDK",
					"$(PROJECT_DIR)/ChrisAliPayDemo/AliPaySDK",
					"$(PROJECT_DIR)/ChrisAliPayDemo/AliPayFramework",
				);
				ONLY_ACTIVE_ARCH = NO;
				PRODUCT_BUNDLE_IDENTIFIER = com.chris.ChrisAliPayDemo;
				PRODUCT_NAME = "$(TARGET_NAME)";
			};
			name = Release;
		};
/* End XCBuildConfiguration section */

/* Begin XCConfigurationList section */
		AF296FD51D5F55B500D329BE /* Build configuration list for PBXProject "ChrisAliPayDemo" */ = {
			isa = XCConfigurationList;
			buildConfigurations = (
				AF296FEF1D5F55B600D329BE /* Debug */,
				AF296FF01D5F55B600D329BE /* Release */,
			);
			defaultConfigurationIsVisible = 0;
			defaultConfigurationName = Release;
		};
		AF296FF11D5F55B600D329BE /* Build configuration list for PBXNativeTarget "ChrisAliPayDemo" */ = {
			isa = XCConfigurationList;
			buildConfigurations = (
				AF296FF21D5F55B600D329BE /* Debug */,
				AF296FF31D5F55B600D329BE /* Release */,
			);
			defaultConfigurationIsVisible = 0;
			defaultConfigurationName = Release;
		};
/* End XCConfigurationList section */
	};
	rootObject = AF296FD21D5F55B500D329BE /* Project object */;
}
